
Microsoft Visual Studio Solution File, Format Version 12.00
# Visual Studio 15
VisualStudioVersion = 15.0.26730.16
MinimumVisualStudioVersion = 10.0.40219.1
Project("{FAE04EC0-301F-11D3-BF4B-00C04F79EFBC}") = "MathFrontier", "src\MathFrontier\MathFrontier.csproj", "{815EFEE8-04E8-4B15-BFE1-D785050C9815}"
EndProject
Project("{FAE04EC0-301F-11D3-BF4B-00C04F79EFBC}") = "MathFrontier.Tests", "test\MathFrontier.Tests\MathFrontier.Tests.csproj", "{E3FE5B17-B8FE-4AD3-8A4D-21D5676F0E87}"
EndProject
Global
	GlobalSection(SolutionConfigurationPlatforms) = preSolution
		Debug|Any CPU = Debug|Any CPU
		Release|Any CPU = Release|Any CPU
	EndGlobalSection
	GlobalSection(ProjectConfigurationPlatforms) = postSolution
		{815EFEE8-04E8-4B15-BFE1-D785050C9815}.Debug|Any CPU.ActiveCfg = Debug|Any CPU
		{815EFEE8-04E8-4B15-BFE1-D785050C9815}.Debug|Any CPU.Build.0 = Debug|Any CPU
		{815EFEE8-04E8-4B15-BFE1-D785050C9815}.Release|Any CPU.ActiveCfg = Release|Any CPU
		{815EFEE8-04E8-4B15-BFE1-D785050C9815}.Release|Any CPU.Build.0 = Release|Any CPU
		{E3FE5B17-B8FE-4AD3-8A4D-21D5676F0E87}.Debug|Any CPU.ActiveCfg = Debug|Any CPU
		{E3FE5B17-B8FE-4AD3-8A4D-21D5676F0E87}.Debug|Any CPU.Build.0 = Debug|Any CPU
		{E3FE5B17-B8FE-4AD3-8A4D-21D5676F0E87}.Release|Any CPU.ActiveCfg = Release|Any CPU
		{E3FE5B17-B8FE-4AD3-8A4D-21D5676F0E87}.Release|Any CPU.Build.0 = Release|Any CPU
	EndGlobalSection
	GlobalSection(SolutionProperties) = preSolution
		HideSolutionNode = FALSE
	EndGlobalSection
	GlobalSection(ExtensibilityGlobals) = postSolution
		SolutionGuid = {A158ADF5-A67C-4206-8967-7FF024F994A0}
	EndGlobalSection
EndGlobal
